
Microsoft Visual Studio Solution File, Format Version 12.00
Project("{FAE04EC0-301F-11D3-BF4B-00C04F79EFBC}") = "Calculator", "Calculator\Calculator.csproj", "{64D3E091-AB7D-4BDC-977A-336213B08523}"
EndProject
Project("{FAE04EC0-301F-11D3-BF4B-00C04F79EFBC}") = "CalculationServiceLib", "CalculationServiceLib\CalculationServiceLib.csproj", "{8379626A-90A2-4002-A2C5-8A8D4ADDC048}"
EndProject
Global
	GlobalSection(SolutionConfigurationPlatforms) = preSolution
		Debug|Any CPU = Debug|Any CPU
		Release|Any CPU = Release|Any CPU
	EndGlobalSection
	GlobalSection(ProjectConfigurationPlatforms) = postSolution
		{64D3E091-AB7D-4BDC-977A-336213B08523}.Debug|Any CPU.ActiveCfg = Debug|Any CPU
		{64D3E091-AB7D-4BDC-977A-336213B08523}.Debug|Any CPU.Build.0 = Debug|Any CPU
		{64D3E091-AB7D-4BDC-977A-336213B08523}.Release|Any CPU.ActiveCfg = Release|Any CPU
		{64D3E091-AB7D-4BDC-977A-336213B08523}.Release|Any CPU.Build.0 = Release|Any CPU
		{8379626A-90A2-4002-A2C5-8A8D4ADDC048}.Debug|Any CPU.ActiveCfg = Debug|Any CPU
		{8379626A-90A2-4002-A2C5-8A8D4ADDC048}.Debug|Any CPU.Build.0 = Debug|Any CPU
		{8379626A-90A2-4002-A2C5-8A8D4ADDC048}.Release|Any CPU.ActiveCfg = Release|Any CPU
		{8379626A-90A2-4002-A2C5-8A8D4ADDC048}.Release|Any CPU.Build.0 = Release|Any CPU
	EndGlobalSection
EndGlobal
